PODS:
  - Kingfisher (1.9.3)
  - XWSwiftRefresh (0.1.9)

DEPENDENCIES:
  - Kingfisher (~> 1.0)
  - XWSwiftRefresh

SPEC CHECKSUMS:
  Kingfisher: 9e37d2a78a082dc123bfe8a16de65de85518daae
  XWSwiftRefresh: 1981ad8f7579da94c94a8e7720803f2579dcde46

PODFILE CHECKSUM: c13751c4b3681adf12f0a67e90f8e66955959101

COCOAPODS: 1.0.1
